{
  "version": 1,
  "dependencies": {
    "net10.0": {
      "EvDevSharpWrapper": {
        "type": "Direct",
        "requested": "[0.3.0, )",
        "resolved": "0.3.0",
        "contentHash": "pxgUo2ZCRE2QVChSIb6n8p2fzUeox8bmRlrbsrNcOZ2IZsm6EmdiOvNJmteW/FKraECNtxWCqLcMCI3Cd9F+bw=="
      },
      "Microsoft.DotNet.ILCompiler": {
        "type": "Direct",
        "requested": "[10.0.6, )",
        "resolved": "10.0.6",
        "contentHash": "nBOzxOys8OeyJ+Nsi/uYlI/5TSsvwjaM/p5m4dTL6khCLx9UuP3b2ec3HeuBw/+F7hHCAZG1yFx8VBeoRAX+EQ=="
      },
      "Microsoft.NET.ILLink.Tasks": {
        "type": "Direct",
        "requested": "[10.0.6, )",
        "resolved": "10.0.6",
        "contentHash": "QKuvS0LWX4fjFqeDkyM7Kqt8P3wYTiPD4nwU+9y59n0sCiG714fxDgbbN82vDnzq89AF/PiHl92TP2C4aFDUQA=="
      },
      "StyleCop.Analyzers": {
        "type": "Direct",
        "requested": "[1.1.118, )",
        "resolved": "1.1.118",
        "contentHash": "Onx6ovGSqXSK07n/0eM3ZusiNdB6cIlJdabQhWGgJp3Vooy9AaLS/tigeybOJAobqbtggTamoWndz72JscZBvw=="
      }
    },
    "net10.0/linux-x64": {
      "Microsoft.DotNet.ILCompiler": {
        "type": "Direct",
        "requested": "[10.0.6, )",
        "resolved": "10.0.6",
        "contentHash": "nBOzxOys8OeyJ+Nsi/uYlI/5TSsvwjaM/p5m4dTL6khCLx9UuP3b2ec3HeuBw/+F7hHCAZG1yFx8VBeoRAX+EQ==",
        "dependencies": {
          "runtime.linux-x64.Microsoft.DotNet.ILCompiler": "10.0.6"
        }
      },
      "runtime.linux-x64.Microsoft.DotNet.ILCompiler": {
        "type": "Transitive",
        "resolved": "10.0.6",
        "contentHash": "ZKZG6WYhkVh/R+z1iWeDmr/jwHRuuVjO6Kywur3M+QfQHjficOBuugnByLibZwWuOu6/GyQHO+e+zlsskfyzpA=="
      }
    },
    "net10.0/win-x64": {
      "Microsoft.DotNet.ILCompiler": {
        "type": "Direct",
        "requested": "[10.0.6, )",
        "resolved": "10.0.6",
        "contentHash": "nBOzxOys8OeyJ+Nsi/uYlI/5TSsvwjaM/p5m4dTL6khCLx9UuP3b2ec3HeuBw/+F7hHCAZG1yFx8VBeoRAX+EQ==",
        "dependencies": {
          "runtime.win-x64.Microsoft.DotNet.ILCompiler": "10.0.6"
        }
      },
      "runtime.win-x64.Microsoft.DotNet.ILCompiler": {
        "type": "Transitive",
        "resolved": "10.0.6",
        "contentHash": "Yf0HUuOosQ3MJEfaWoS5iXOJx1gF3LprWEPz4UEMzunFwk8MobgP492bKOutO7A06cfaBEaYEnmLRTWRVrnE/A=="
      }
    }
  }
}